// !$*UTF8*$!
{
	archiveVersion = 1;
	classes = {
	};
	objectVersion = 55;
	objects = {

/* Begin PBXBuildFile section */
		BCAC709E286D4163005FD169 /* AppDelegate.swift in Sources */ = {isa = PBXBuildFile; fileRef = BCAC709D286D4163005FD169 /* AppDelegate.swift */; };
		BCAC70A0286D4163005FD169 /* SceneDelegate.swift in Sources */ = {isa = PBXBuildFile; fileRef = BCAC709F286D4163005FD169 /* SceneDelegate.swift */; };
		BCAC70A2286D4163005FD169 /* NewsViewController.swift in Sources */ = {isa = PBXBuildFile; fileRef = BCAC70A1286D4163005FD169 /* NewsViewController.swift */; };
		BCAC70A5286D4163005FD169 /* Main.storyboard in Resources */ = {isa = PBXBuildFile; fileRef = BCAC70A3286D4163005FD169 /* Main.storyboard */; };
		BCAC70A7286D4168005FD169 /* Assets.xcassets in Resources */ = {isa = PBXBuildFile; fileRef = BCAC70A6286D4168005FD169 /* Assets.xcassets */; };
		BCAC70AA286D4168005FD169 /* LaunchScreen.storyboard in Resources */ = {isa = PBXBuildFile; fileRef = BCAC70A8286D4168005FD169 /* LaunchScreen.storyboard */; };
		BCAC70B2286D41A7005FD169 /* AppCoordinator.swift in Sources */ = {isa = PBXBuildFile; fileRef = BCAC70B1286D41A7005FD169 /* AppCoordinator.swift */; };
		BCAC70B4286D4404005FD169 /* RESTfulService.swift in Sources */ = {isa = PBXBuildFile; fileRef = BCAC70B3286D4404005FD169 /* RESTfulService.swift */; };
		BCAC70B6286D4484005FD169 /* NewsService.swift in Sources */ = {isa = PBXBuildFile; fileRef = BCAC70B5286D4484005FD169 /* NewsService.swift */; };
		BCAC70B8286D4542005FD169 /* Constants.swift in Sources */ = {isa = PBXBuildFile; fileRef = BCAC70B7286D4542005FD169 /* Constants.swift */; };
		BCAC70BB286D5125005FD169 /* NewsViewModel.swift in Sources */ = {isa = PBXBuildFile; fileRef = BCAC70BA286D5125005FD169 /* NewsViewModel.swift */; };
		BCAC70BD286D6530005FD169 /* NewsTableViewCell.swift in Sources */ = {isa = PBXBuildFile; fileRef = BCAC70BC286D6530005FD169 /* NewsTableViewCell.swift */; };
		BCAC70C1286D6C27005FD169 /* ExtsDate.swift in Sources */ = {isa = PBXBuildFile; fileRef = BCAC70C0286D6C27005FD169 /* ExtsDate.swift */; };
		BCAC70C5286D6F43005FD169 /* ExtsUIImageView.swift in Sources */ = {isa = PBXBuildFile; fileRef = BCAC70C4286D6F43005FD169 /* ExtsUIImageView.swift */; };
/* End PBXBuildFile section */

/* Begin PBXFileReference section */
		BCAC709A286D4163005FD169 /* FalconInterview.app */ = {isa = PBXFileReference; explicitFileType = wrapper.application; includeInIndex = 0; path = FalconInterview.app; sourceTree = BUILT_PRODUCTS_DIR; };
		BCAC709D286D4163005FD169 /* AppDelegate.swift */ = {isa = PBXFileReference; lastKnownFileType = sourcecode.swift; path = AppDelegate.swift; sourceTree = "<group>"; };
		BCAC709F286D4163005FD169 /* SceneDelegate.swift */ = {isa = PBXFileReference; lastKnownFileType = sourcecode.swift; path = SceneDelegate.swift; sourceTree = "<group>"; };
		BCAC70A1286D4163005FD169 /* NewsViewController.swift */ = {isa = PBXFileReference; lastKnownFileType = sourcecode.swift; path = NewsViewController.swift; sourceTree = "<group>"; };
		BCAC70A4286D4163005FD169 /* Base */ = {isa = PBXFileReference; lastKnownFileType = file.storyboard; name = Base; path = Base.lproj/Main.storyboard; sourceTree = "<group>"; };
		BCAC70A6286D4168005FD169 /* Assets.xcassets */ = {isa = PBXFileReference; lastKnownFileType = folder.assetcatalog; path = Assets.xcassets; sourceTree = "<group>"; };
		BCAC70A9286D4168005FD169 /* Base */ = {isa = PBXFileReference; lastKnownFileType = file.storyboard; name = Base; path = Base.lproj/LaunchScreen.storyboard; sourceTree = "<group>"; };
		BCAC70AB286D4168005FD169 /* Info.plist */ = {isa = PBXFileReference; lastKnownFileType = text.plist.xml; path = Info.plist; sourceTree = "<group>"; };
		BCAC70B1286D41A7005FD169 /* AppCoordinator.swift */ = {isa = PBXFileReference; lastKnownFileType = sourcecode.swift; path = AppCoordinator.swift; sourceTree = "<group>"; };
		BCAC70B3286D4404005FD169 /* RESTfulService.swift */ = {isa = PBXFileReference; lastKnownFileType = sourcecode.swift; path = RESTfulService.swift; sourceTree = "<group>"; };
		BCAC70B5286D4484005FD169 /* NewsService.swift */ = {isa = PBXFileReference; lastKnownFileType = sourcecode.swift; path = NewsService.swift; sourceTree = "<group>"; };
		BCAC70B7286D4542005FD169 /* Constants.swift */ = {isa = PBXFileReference; lastKnownFileType = sourcecode.swift; path = Constants.swift; sourceTree = "<group>"; };
		BCAC70BA286D5125005FD169 /* NewsViewModel.swift */ = {isa = PBXFileReference; lastKnownFileType = sourcecode.swift; path = NewsViewModel.swift; sourceTree = "<group>"; };
		BCAC70BC286D6530005FD169 /* NewsTableViewCell.swift */ = {isa = PBXFileReference; lastKnownFileType = sourcecode.swift; path = NewsTableViewCell.swift; sourceTree = "<group>"; };
		BCAC70C0286D6C27005FD169 /* ExtsDate.swift */ = {isa = PBXFileReference; lastKnownFileType = sourcecode.swift; path = ExtsDate.swift; sourceTree = "<group>"; };
		BCAC70C4286D6F43005FD169 /* ExtsUIImageView.swift */ = {isa = PBXFileReference; lastKnownFileType = sourcecode.swift; path = ExtsUIImageView.swift; sourceTree = "<group>"; };
/* End PBXFileReference section */

/* Begin PBXFrameworksBuildPhase section */
		BCAC7097286D4163005FD169 /* Frameworks */ = {
			isa = PBXFrameworksBuildPhase;
			buildActionMask = 2147483647;
			files = (
			);
			runOnlyForDeploymentPostprocessing = 0;
		};
/* End PBXFrameworksBuildPhase section */

/* Begin PBXGroup section */
		BCAC7091286D4163005FD169 = {
			isa = PBXGroup;
			children = (
				BCAC709C286D4163005FD169 /* FalconInterview */,
				BCAC709B286D4163005FD169 /* Products */,
			);
			sourceTree = "<group>";
		};
		BCAC709B286D4163005FD169 /* Products */ = {
			isa = PBXGroup;
			children = (
				BCAC709A286D4163005FD169 /* FalconInterview.app */,
			);
			name = Products;
			sourceTree = "<group>";
		};
		BCAC709C286D4163005FD169 /* FalconInterview */ = {
			isa = PBXGroup;
			children = (
				BCAC709D286D4163005FD169 /* AppDelegate.swift */,
				BCAC70B7286D4542005FD169 /* Constants.swift */,
				BCAC709F286D4163005FD169 /* SceneDelegate.swift */,
				BCAC70C7286D7401005FD169 /* ViewController */,
				BCAC70B9286D4A0F005FD169 /* Service */,
				BCAC70C6286D73DD005FD169 /* Extension */,
				BCAC70A3286D4163005FD169 /* Main.storyboard */,
				BCAC70A6286D4168005FD169 /* Assets.xcassets */,
				BCAC70A8286D4168005FD169 /* LaunchScreen.storyboard */,
				BCAC70AB286D4168005FD169 /* Info.plist */,
				BCAC70B1286D41A7005FD169 /* AppCoordinator.swift */,
			);
			path = FalconInterview;
			sourceTree = "<group>";
		};
		BCAC70B9286D4A0F005FD169 /* Service */ = {
			isa = PBXGroup;
			children = (
				BCAC70B3286D4404005FD169 /* RESTfulService.swift */,
				BCAC70B5286D4484005FD169 /* NewsService.swift */,
			);
			path = Service;
			sourceTree = "<group>";
		};
		BCAC70C6286D73DD005FD169 /* Extension */ = {
			isa = PBXGroup;
			children = (
				BCAC70C4286D6F43005FD169 /* ExtsUIImageView.swift */,
				BCAC70C0286D6C27005FD169 /* ExtsDate.swift */,
			);
			path = Extension;
			sourceTree = "<group>";
		};
		BCAC70C7286D7401005FD169 /* ViewController */ = {
			isa = PBXGroup;
			children = (
				BCAC70C8286D740D005FD169 /* ViewModel */,
				BCAC70A1286D4163005FD169 /* NewsViewController.swift */,
				BCAC70BC286D6530005FD169 /* NewsTableViewCell.swift */,
			);
			path = ViewController;
			sourceTree = "<group>";
		};
		BCAC70C8286D740D005FD169 /* ViewModel */ = {
			isa = PBXGroup;
			children = (
				BCAC70BA286D5125005FD169 /* NewsViewModel.swift */,
			);
			path = ViewModel;
			sourceTree = "<group>";
		};
/* End PBXGroup section */

/* Begin PBXNativeTarget section */
		BCAC7099286D4163005FD169 /* FalconInterview */ = {
			isa = PBXNativeTarget;
			buildConfigurationList = BCAC70AE286D4168005FD169 /* Build configuration list for PBXNativeTarget "FalconInterview" */;
			buildPhases = (
				BCAC7096286D4163005FD169 /* Sources */,
				BCAC7097286D4163005FD169 /* Frameworks */,
				BCAC7098286D4163005FD169 /* Resources */,
			);
			buildRules = (
			);
			dependencies = (
			);
			name = FalconInterview;
			productName = FalconInterview;
			productReference = BCAC709A286D4163005FD169 /* FalconInterview.app */;
			productType = "com.apple.product-type.application";
		};
/* End PBXNativeTarget section */

/* Begin PBXProject section */
		BCAC7092286D4163005FD169 /* Project object */ = {
			isa = PBXProject;
			attributes = {
				BuildIndependentTargetsInParallel = 1;
				LastSwiftUpdateCheck = 1330;
				LastUpgradeCheck = 1330;
				TargetAttributes = {
					BCAC7099286D4163005FD169 = {
						CreatedOnToolsVersion = 13.3;
					};
				};
			};
			buildConfigurationList = BCAC7095286D4163005FD169 /* Build configuration list for PBXProject "FalconInterview" */;
			compatibilityVersion = "Xcode 13.0";
			developmentRegion = en;
			hasScannedForEncodings = 0;
			knownRegions = (
				en,
				Base,
			);
			mainGroup = BCAC7091286D4163005FD169;
			productRefGroup = BCAC709B286D4163005FD169 /* Products */;
			projectDirPath = "";
			projectRoot = "";
			targets = (
				BCAC7099286D4163005FD169 /* FalconInterview */,
			);
		};
/* End PBXProject section */

/* Begin PBXResourcesBuildPhase section */
		BCAC7098286D4163005FD169 /* Resources */ = {
			isa = PBXResourcesBuildPhase;
			buildActionMask = 2147483647;
			files = (
				BCAC70AA286D4168005FD169 /* LaunchScreen.storyboard in Resources */,
				BCAC70A7286D4168005FD169 /* Assets.xcassets in Resources */,
				BCAC70A5286D4163005FD169 /* Main.storyboard in Resources */,
			);
			runOnlyForDeploymentPostprocessing = 0;
		};
/* End PBXResourcesBuildPhase section */

/* Begin PBXSourcesBuildPhase section */
		BCAC7096286D4163005FD169 /* Sources */ = {
			isa = PBXSourcesBuildPhase;
			buildActionMask = 2147483647;
			files = (
				BCAC70B6286D4484005FD169 /* NewsService.swift in Sources */,
				BCAC70B4286D4404005FD169 /* RESTfulService.swift in Sources */,
				BCAC70B2286D41A7005FD169 /* AppCoordinator.swift in Sources */,
				BCAC70C1286D6C27005FD169 /* ExtsDate.swift in Sources */,
				BCAC70A2286D4163005FD169 /* NewsViewController.swift in Sources */,
				BCAC70B8286D4542005FD169 /* Constants.swift in Sources */,
				BCAC709E286D4163005FD169 /* AppDelegate.swift in Sources */,
				BCAC70C5286D6F43005FD169 /* ExtsUIImageView.swift in Sources */,
				BCAC70A0286D4163005FD169 /* SceneDelegate.swift in Sources */,
				BCAC70BB286D5125005FD169 /* NewsViewModel.swift in Sources */,
				BCAC70BD286D6530005FD169 /* NewsTableViewCell.swift in Sources */,
			);
			runOnlyForDeploymentPostprocessing = 0;
		};
/* End PBXSourcesBuildPhase section */

/* Begin PBXVariantGroup section */
		BCAC70A3286D4163005FD169 /* Main.storyboard */ = {
			isa = PBXVariantGroup;
			children = (
				BCAC70A4286D4163005FD169 /* Base */,
			);
			name = Main.storyboard;
			sourceTree = "<group>";
		};
		BCAC70A8286D4168005FD169 /* LaunchScreen.storyboard */ = {
			isa = PBXVariantGroup;
			children = (
				BCAC70A9286D4168005FD169 /* Base */,
			);
			name = LaunchScreen.storyboard;
			sourceTree = "<group>";
		};
/* End PBXVariantGroup section */

/* Begin XCBuildConfiguration section */
		BCAC70AC286D4168005FD169 /* Debug */ = {
			isa = XCBuildConfiguration;
			buildSettings = {
				ALWAYS_SEARCH_USER_PATHS = NO;
				CLANG_ANALYZER_NONNULL = YES;
				CLANG_ANALYZER_NUMBER_OBJECT_CONVERSION = YES_AGGRESSIVE;
				CLANG_CXX_LANGUAGE_STANDARD = "gnu++17";
				CLANG_ENABLE_MODULES = YES;
				CLANG_ENABLE_OBJC_ARC = YES;
				CLANG_ENABLE_OBJC_WEAK = YES;
				CLANG_WARN_BLOCK_CAPTURE_AUTORELEASING = YES;
				CLANG_WARN_BOOL_CONVERSION = YES;
				CLANG_WARN_COMMA = YES;
				CLANG_WARN_CONSTANT_CONVERSION = YES;
				CLANG_WARN_DEPRECATED_OBJC_IMPLEMENTATIONS = YES;
				CLANG_WARN_DIRECT_OBJC_ISA_USAGE = YES_ERROR;
				CLANG_WARN_DOCUMENTATION_COMMENTS = YES;
				CLANG_WARN_EMPTY_BODY = YES;
				CLANG_WARN_ENUM_CONVERSION = YES;
				CLANG_WARN_INFINITE_RECURSION = YES;
				CLANG_WARN_INT_CONVERSION = YES;
				CLANG_WARN_NON_LITERAL_NULL_CONVERSION = YES;
				CLANG_WARN_OBJC_IMPLICIT_RETAIN_SELF = YES;
				CLANG_WARN_OBJC_LITERAL_CONVERSION = YES;
				CLANG_WARN_OBJC_ROOT_CLASS = YES_ERROR;
				CLANG_WARN_QUOTED_INCLUDE_IN_FRAMEWORK_HEADER = YES;
				CLANG_WARN_RANGE_LOOP_ANALYSIS = YES;
				CLANG_WARN_STRICT_PROTOTYPES = YES;
				CLANG_WARN_SUSPICIOUS_MOVE = YES;
				CLANG_WARN_UNGUARDED_AVAILABILITY = YES_AGGRESSIVE;
				CLANG_WARN_UNREACHABLE_CODE = YES;
				CLANG_WARN__DUPLICATE_METHOD_MATCH = YES;
				COPY_PHASE_STRIP = NO;
				DEBUG_INFORMATION_FORMAT = dwarf;
				ENABLE_STRICT_OBJC_MSGSEND = YES;
				ENABLE_TESTABILITY = YES;
				GCC_C_LANGUAGE_STANDARD = gnu11;
				GCC_DYNAMIC_NO_PIC = NO;
				GCC_NO_COMMON_BLOCKS = YES;
				GCC_OPTIMIZATION_LEVEL = 0;
				GCC_PREPROCESSOR_DEFINITIONS = (
					"DEBUG=1",
					"$(inherited)",
				);
				GCC_WARN_64_TO_32_BIT_CONVERSION = YES;
				GCC_WARN_ABOUT_RETURN_TYPE = YES_ERROR;
				GCC_WARN_UNDECLARED_SELECTOR = YES;
				GCC_WARN_UNINITIALIZED_AUTOS = YES_AGGRESSIVE;
				GCC_WARN_UNUSED_FUNCTION = YES;
				GCC_WARN_UNUSED_VARIABLE = YES;
				IPHONEOS_DEPLOYMENT_TARGET = 15.4;
				MTL_ENABLE_DEBUG_INFO = INCLUDE_SOURCE;
				MTL_FAST_MATH = YES;
				ONLY_ACTIVE_ARCH = YES;
				SDKROOT = iphoneos;
				SWIFT_ACTIVE_COMPILATION_CONDITIONS = DEBUG;
				SWIFT_OPTIMIZATION_LEVEL = "-Onone";
			};
			name = Debug;
		};
		BCAC70AD286D4168005FD169 /* Release */ = {
			isa = XCBuildConfiguration;
			buildSettings = {
				ALWAYS_SEARCH_USER_PATHS = NO;
				CLANG_ANALYZER_NONNULL = YES;
				CLANG_ANALYZER_NUMBER_OBJECT_CONVERSION = YES_AGGRESSIVE;
				CLANG_CXX_LANGUAGE_STANDARD = "gnu++17";
				CLANG_ENABLE_MODULES = YES;
				CLANG_ENABLE_OBJC_ARC = YES;
				CLANG_ENABLE_OBJC_WEAK = YES;
				CLANG_WARN_BLOCK_CAPTURE_AUTORELEASING = YES;
				CLANG_WARN_BOOL_CONVERSION = YES;
				CLANG_WARN_COMMA = YES;
				CLANG_WARN_CONSTANT_CONVERSION = YES;
				CLANG_WARN_DEPRECATED_OBJC_IMPLEMENTATIONS = YES;
				CLANG_WARN_DIRECT_OBJC_ISA_USAGE = YES_ERROR;
				CLANG_WARN_DOCUMENTATION_COMMENTS = YES;
				CLANG_WARN_EMPTY_BODY = YES;
				CLANG_WARN_ENUM_CONVERSION = YES;
				CLANG_WARN_INFINITE_RECURSION = YES;
				CLANG_WARN_INT_CONVERSION = YES;
				CLANG_WARN_NON_LITERAL_NULL_CONVERSION = YES;
				CLANG_WARN_OBJC_IMPLICIT_RETAIN_SELF = YES;
				CLANG_WARN_OBJC_LITERAL_CONVERSION = YES;
				CLANG_WARN_OBJC_ROOT_CLASS = YES_ERROR;
				CLANG_WARN_QUOTED_INCLUDE_IN_FRAMEWORK_HEADER = YES;
				CLANG_WARN_RANGE_LOOP_ANALYSIS = YES;
				CLANG_WARN_STRICT_PROTOTYPES = YES;
				CLANG_WARN_SUSPICIOUS_MOVE = YES;
				CLANG_WARN_UNGUARDED_AVAILABILITY = YES_AGGRESSIVE;
				CLANG_WARN_UNREACHABLE_CODE = YES;
				CLANG_WARN__DUPLICATE_METHOD_MATCH = YES;
				COPY_PHASE_STRIP = NO;
				DEBUG_INFORMATION_FORMAT = "dwarf-with-dsym";
				ENABLE_NS_ASSERTIONS = NO;
				ENABLE_STRICT_OBJC_MSGSEND = YES;
				GCC_C_LANGUAGE_STANDARD = gnu11;
				GCC_NO_COMMON_BLOCKS = YES;
				GCC_WARN_64_TO_32_BIT_CONVERSION = YES;
				GCC_WARN_ABOUT_RETURN_TYPE = YES_ERROR;
				GCC_WARN_UNDECLARED_SELECTOR = YES;
				GCC_WARN_UNINITIALIZED_AUTOS = YES_AGGRESSIVE;
				GCC_WARN_UNUSED_FUNCTION = YES;
				GCC_WARN_UNUSED_VARIABLE = YES;
				IPHONEOS_DEPLOYMENT_TARGET = 15.4;
				MTL_ENABLE_DEBUG_INFO = NO;
				MTL_FAST_MATH = YES;
				SDKROOT = iphoneos;
				SWIFT_COMPILATION_MODE = wholemodule;
				SWIFT_OPTIMIZATION_LEVEL = "-O";
				VALIDATE_PRODUCT = YES;
			};
			name = Release;
		};
		BCAC70AF286D4168005FD169 /* Debug */ = {
			isa = XCBuildConfiguration;
			buildSettings = {
				ASSETCATALOG_COMPILER_APPICON_NAME = AppIcon;
				ASSETCATALOG_COMPILER_GLOBAL_ACCENT_COLOR_NAME = AccentColor;
				CODE_SIGN_STYLE = Automatic;
				CURRENT_PROJECT_VERSION = 1;
				DEVELOPMENT_TEAM = QFV4TB88RW;
				GENERATE_INFOPLIST_FILE = YES;
				INFOPLIST_FILE = FalconInterview/Info.plist;
				INFOPLIST_KEY_UIApplicationSupportsIndirectInputEvents = YES;
				INFOPLIST_KEY_UILaunchStoryboardName = LaunchScreen;
				INFOPLIST_KEY_UIMainStoryboardFile = Main;
				INFOPLIST_KEY_UISupportedInterfaceOrientations_iPad = "UIInterfaceOrientationPortrait UIInterfaceOrientationPortraitUpsideDown UIInterfaceOrientationLandscapeLeft UIInterfaceOrientationLandscapeRight";
				INFOPLIST_KEY_UISupportedInterfaceOrientations_iPhone = "UIInterfaceOrientationPortrait UIInterfaceOrientationLandscapeLeft UIInterfaceOrientationLandscapeRight";
				LD_RUNPATH_SEARCH_PATHS = (
					"$(inherited)",
					"@executable_path/Frameworks",
				);
				MARKETING_VERSION = 1.0;
				PRODUCT_BUNDLE_IDENTIFIER = com.falcon.interview.FalconInterview;
				PRODUCT_NAME = "$(TARGET_NAME)";
				SWIFT_EMIT_LOC_STRINGS = YES;
				SWIFT_VERSION = 5.0;
				TARGETED_DEVICE_FAMILY = "1,2";
			};
			name = Debug;
		};
		BCAC70B0286D4168005FD169 /* Release */ = {
			isa = XCBuildConfiguration;
			buildSettings = {
				ASSETCATALOG_COMPILER_APPICON_NAME = AppIcon;
				ASSETCATALOG_COMPILER_GLOBAL_ACCENT_COLOR_NAME = AccentColor;
				CODE_SIGN_STYLE = Automatic;
				CURRENT_PROJECT_VERSION = 1;
				DEVELOPMENT_TEAM = QFV4TB88RW;
				GENERATE_INFOPLIST_FILE = YES;
				INFOPLIST_FILE = FalconInterview/Info.plist;
				INFOPLIST_KEY_UIApplicationSupportsIndirectInputEvents = YES;
				INFOPLIST_KEY_UILaunchStoryboardName = LaunchScreen;
				INFOPLIST_KEY_UIMainStoryboardFile = Main;
				INFOPLIST_KEY_UISupportedInterfaceOrientations_iPad = "UIInterfaceOrientationPortrait UIInterfaceOrientationPortraitUpsideDown UIInterfaceOrientationLandscapeLeft UIInterfaceOrientationLandscapeRight";
				INFOPLIST_KEY_UISupportedInterfaceOrientations_iPhone = "UIInterfaceOrientationPortrait UIInterfaceOrientationLandscapeLeft UIInterfaceOrientationLandscapeRight";
				LD_RUNPATH_SEARCH_PATHS = (
					"$(inherited)",
					"@executable_path/Frameworks",
				);
				MARKETING_VERSION = 1.0;
				PRODUCT_BUNDLE_IDENTIFIER = com.falcon.interview.FalconInterview;
				PRODUCT_NAME = "$(TARGET_NAME)";
				SWIFT_EMIT_LOC_STRINGS = YES;
				SWIFT_VERSION = 5.0;
				TARGETED_DEVICE_FAMILY = "1,2";
			};
			name = Release;
		};
/* End XCBuildConfiguration section */

/* Begin XCConfigurationList section */
		BCAC7095286D4163005FD169 /* Build configuration list for PBXProject "FalconInterview" */ = {
			isa = XCConfigurationList;
			buildConfigurations = (
				BCAC70AC286D4168005FD169 /* Debug */,
				BCAC70AD286D4168005FD169 /* Release */,
			);
			defaultConfigurationIsVisible = 0;
			defaultConfigurationName = Release;
		};
		BCAC70AE286D4168005FD169 /* Build configuration list for PBXNativeTarget "FalconInterview" */ = {
			isa = XCConfigurationList;
			buildConfigurations = (
				BCAC70AF286D4168005FD169 /* Debug */,
				BCAC70B0286D4168005FD169 /* Release */,
			);
			defaultConfigurationIsVisible = 0;
			defaultConfigurationName = Release;
		};
/* End XCConfigurationList section */
	};
	rootObject = BCAC7092286D4163005FD169 /* Project object */;
}
